// !$*UTF8*$!
{
	archiveVersion = 1;
	classes = {
	};
	objectVersion = 50;
	objects = {

/* Begin PBXBuildFile section */
		1511D26923F507DB00D58F3C /* AppDelegate.swift in Sources */ = {isa = PBXBuildFile; fileRef = 1511D26823F507DB00D58F3C /* AppDelegate.swift */; };
		1511D26B23F507DB00D58F3C /* SceneDelegate.swift in Sources */ = {isa = PBXBuildFile; fileRef = 1511D26A23F507DB00D58F3C /* SceneDelegate.swift */; };
		1511D26D23F507DB00D58F3C /* MealViewController.swift in Sources */ = {isa = PBXBuildFile; fileRef = 1511D26C23F507DB00D58F3C /* MealViewController.swift */; };
		1511D27023F507DB00D58F3C /* Main.storyboard in Resources */ = {isa = PBXBuildFile; fileRef = 1511D26E23F507DB00D58F3C /* Main.storyboard */; };
		1511D27223F507DC00D58F3C /* Assets.xcassets in Resources */ = {isa = PBXBuildFile; fileRef = 1511D27123F507DC00D58F3C /* Assets.xcassets */; };
		1511D27523F507DC00D58F3C /* LaunchScreen.storyboard in Resources */ = {isa = PBXBuildFile; fileRef = 1511D27323F507DC00D58F3C /* LaunchScreen.storyboard */; };
		1511D28023F507DC00D58F3C /* AppDevelopmentProject1Tests.swift in Sources */ = {isa = PBXBuildFile; fileRef = 1511D27F23F507DC00D58F3C /* AppDevelopmentProject1Tests.swift */; };
		1511D28B23F507DC00D58F3C /* AppDevelopmentProject1UITests.swift in Sources */ = {isa = PBXBuildFile; fileRef = 1511D28A23F507DC00D58F3C /* AppDevelopmentProject1UITests.swift */; };
		1512B3B823FA8ADC00EA1356 /* MealTableViewCell.swift in Sources */ = {isa = PBXBuildFile; fileRef = 1512B3B723FA8ADC00EA1356 /* MealTableViewCell.swift */; };
		1512B3BA23FA8F0200EA1356 /* MealTableViewController.swift in Sources */ = {isa = PBXBuildFile; fileRef = 1512B3B923FA8F0200EA1356 /* MealTableViewController.swift */; };
		157AA12623F9E90D008F77EF /* Meal.swift in Sources */ = {isa = PBXBuildFile; fileRef = 157AA12523F9E90D008F77EF /* Meal.swift */; };
/* End PBXBuildFile section */

/* Begin PBXContainerItemProxy section */
		1511D27C23F507DC00D58F3C /* PBXContainerItemProxy */ = {
			isa = PBXContainerItemProxy;
			containerPortal = 1511D25D23F507DB00D58F3C /* Project object */;
			proxyType = 1;
			remoteGlobalIDString = 1511D26423F507DB00D58F3C;
			remoteInfo = AppDevelopmentProject1;
		};
		1511D28723F507DC00D58F3C /* PBXContainerItemProxy */ = {
			isa = PBXContainerItemProxy;
			containerPortal = 1511D25D23F507DB00D58F3C /* Project object */;
			proxyType = 1;
			remoteGlobalIDString = 1511D26423F507DB00D58F3C;
			remoteInfo = AppDevelopmentProject1;
		};
/* End PBXContainerItemProxy section */

/* Begin PBXFileReference section */
		1511D26523F507DB00D58F3C /* AppDevelopmentProject1.app */ = {isa = PBXFileReference; explicitFileType = wrapper.application; includeInIndex = 0; path = AppDevelopmentProject1.app; sourceTree = BUILT_PRODUCTS_DIR; };
		1511D26823F507DB00D58F3C /* AppDelegate.swift */ = {isa = PBXFileReference; lastKnownFileType = sourcecode.swift; path = AppDelegate.swift; sourceTree = "<group>"; };
		1511D26A23F507DB00D58F3C /* SceneDelegate.swift */ = {isa = PBXFileReference; lastKnownFileType = sourcecode.swift; path = SceneDelegate.swift; sourceTree = "<group>"; };
		1511D26C23F507DB00D58F3C /* MealViewController.swift */ = {isa = PBXFileReference; lastKnownFileType = sourcecode.swift; path = MealViewController.swift; sourceTree = "<group>"; };
		1511D26F23F507DB00D58F3C /* Base */ = {isa = PBXFileReference; lastKnownFileType = file.storyboard; name = Base; path = Base.lproj/Main.storyboard; sourceTree = "<group>"; };
		1511D27123F507DC00D58F3C /* Assets.xcassets */ = {isa = PBXFileReference; lastKnownFileType = folder.assetcatalog; path = Assets.xcassets; sourceTree = "<group>"; };
		1511D27423F507DC00D58F3C /* Base */ = {isa = PBXFileReference; lastKnownFileType = file.storyboard; name = Base; path = Base.lproj/LaunchScreen.storyboard; sourceTree = "<group>"; };
		1511D27623F507DC00D58F3C /* Info.plist */ = {isa = PBXFileReference; lastKnownFileType = text.plist.xml; path = Info.plist; sourceTree = "<group>"; };
		1511D27B23F507DC00D58F3C /* AppDevelopmentProject1Tests.xctest */ = {isa = PBXFileReference; explicitFileType = wrapper.cfbundle; includeInIndex = 0; path = AppDevelopmentProject1Tests.xctest; sourceTree = BUILT_PRODUCTS_DIR; };
		1511D27F23F507DC00D58F3C /* AppDevelopmentProject1Tests.swift */ = {isa = PBXFileReference; lastKnownFileType = sourcecode.swift; path = AppDevelopmentProject1Tests.swift; sourceTree = "<group>"; };
		1511D28123F507DC00D58F3C /* Info.plist */ = {isa = PBXFileReference; lastKnownFileType = text.plist.xml; path = Info.plist; sourceTree = "<group>"; };
		1511D28623F507DC00D58F3C /* AppDevelopmentProject1UITests.xctest */ = {isa = PBXFileReference; explicitFileType = wrapper.cfbundle; includeInIndex = 0; path = AppDevelopmentProject1UITests.xctest; sourceTree = BUILT_PRODUCTS_DIR; };
		1511D28A23F507DC00D58F3C /* AppDevelopmentProject1UITests.swift */ = {isa = PBXFileReference; lastKnownFileType = sourcecode.swift; path = AppDevelopmentProject1UITests.swift; sourceTree = "<group>"; };
		1511D28C23F507DC00D58F3C /* Info.plist */ = {isa = PBXFileReference; lastKnownFileType = text.plist.xml; path = Info.plist; sourceTree = "<group>"; };
		1512B3B723FA8ADC00EA1356 /* MealTableViewCell.swift */ = {isa = PBXFileReference; lastKnownFileType = sourcecode.swift; path = MealTableViewCell.swift; sourceTree = "<group>"; };
		1512B3B923FA8F0200EA1356 /* MealTableViewController.swift */ = {isa = PBXFileReference; lastKnownFileType = sourcecode.swift; path = MealTableViewController.swift; sourceTree = "<group>"; };
		157AA12523F9E90D008F77EF /* Meal.swift */ = {isa = PBXFileReference; lastKnownFileType = sourcecode.swift; path = Meal.swift; sourceTree = "<group>"; };
/* End PBXFileReference section */

/* Begin PBXFrameworksBuildPhase section */
		1511D26223F507DB00D58F3C /* Frameworks */ = {
			isa = PBXFrameworksBuildPhase;
			buildActionMask = 2147483647;
			files = (
			);
			runOnlyForDeploymentPostprocessing = 0;
		};
		1511D27823F507DC00D58F3C /* Frameworks */ = {
			isa = PBXFrameworksBuildPhase;
			buildActionMask = 2147483647;
			files = (
			);
			runOnlyForDeploymentPostprocessing = 0;
		};
		1511D28323F507DC00D58F3C /* Frameworks */ = {
			isa = PBXFrameworksBuildPhase;
			buildActionMask = 2147483647;
			files = (
			);
			runOnlyForDeploymentPostprocessing = 0;
		};
/* End PBXFrameworksBuildPhase section */

/* Begin PBXGroup section */
		1511D25C23F507DB00D58F3C = {
			isa = PBXGroup;
			children = (
				1511D26723F507DB00D58F3C /* AppDevelopmentProject1 */,
				1511D27E23F507DC00D58F3C /* AppDevelopmentProject1Tests */,
				1511D28923F507DC00D58F3C /* AppDevelopmentProject1UITests */,
				1511D26623F507DB00D58F3C /* Products */,
			);
			sourceTree = "<group>";
		};
		1511D26623F507DB00D58F3C /* Products */ = {
			isa = PBXGroup;
			children = (
				1511D26523F507DB00D58F3C /* AppDevelopmentProject1.app */,
				1511D27B23F507DC00D58F3C /* AppDevelopmentProject1Tests.xctest */,
				1511D28623F507DC00D58F3C /* AppDevelopmentProject1UITests.xctest */,
			);
			name = Products;
			sourceTree = "<group>";
		};
		1511D26723F507DB00D58F3C /* AppDevelopmentProject1 */ = {
			isa = PBXGroup;
			children = (
				1511D26823F507DB00D58F3C /* AppDelegate.swift */,
				1511D26A23F507DB00D58F3C /* SceneDelegate.swift */,
				1511D26C23F507DB00D58F3C /* MealViewController.swift */,
				1511D26E23F507DB00D58F3C /* Main.storyboard */,
				1512B3B923FA8F0200EA1356 /* MealTableViewController.swift */,
				157AA12523F9E90D008F77EF /* Meal.swift */,
				1512B3B723FA8ADC00EA1356 /* MealTableViewCell.swift */,
				1511D27123F507DC00D58F3C /* Assets.xcassets */,
				1511D27323F507DC00D58F3C /* LaunchScreen.storyboard */,
				1511D27623F507DC00D58F3C /* Info.plist */,
			);
			path = AppDevelopmentProject1;
			sourceTree = "<group>";
		};
		1511D27E23F507DC00D58F3C /* AppDevelopmentProject1Tests */ = {
			isa = PBXGroup;
			children = (
				1511D27F23F507DC00D58F3C /* AppDevelopmentProject1Tests.swift */,
				1511D28123F507DC00D58F3C /* Info.plist */,
			);
			path = AppDevelopmentProject1Tests;
			sourceTree = "<group>";
		};
		1511D28923F507DC00D58F3C /* AppDevelopmentProject1UITests */ = {
			isa = PBXGroup;
			children = (
				1511D28A23F507DC00D58F3C /* AppDevelopmentProject1UITests.swift */,
				1511D28C23F507DC00D58F3C /* Info.plist */,
			);
			path = AppDevelopmentProject1UITests;
			sourceTree = "<group>";
		};
/* End PBXGroup section */

/* Begin PBXNativeTarget section */
		1511D26423F507DB00D58F3C /* AppDevelopmentProject1 */ = {
			isa = PBXNativeTarget;
			buildConfigurationList = 1511D28F23F507DC00D58F3C /* Build configuration list for PBXNativeTarget "AppDevelopmentProject1" */;
			buildPhases = (
				1511D26123F507DB00D58F3C /* Sources */,
				1511D26223F507DB00D58F3C /* Frameworks */,
				1511D26323F507DB00D58F3C /* Resources */,
			);
			buildRules = (
			);
			dependencies = (
			);
			name = AppDevelopmentProject1;
			productName = AppDevelopmentProject1;
			productReference = 1511D26523F507DB00D58F3C /* AppDevelopmentProject1.app */;
			productType = "com.apple.product-type.application";
		};
		1511D27A23F507DC00D58F3C /* AppDevelopmentProject1Tests */ = {
			isa = PBXNativeTarget;
			buildConfigurationList = 1511D29223F507DC00D58F3C /* Build configuration list for PBXNativeTarget "AppDevelopmentProject1Tests" */;
			buildPhases = (
				1511D27723F507DC00D58F3C /* Sources */,
				1511D27823F507DC00D58F3C /* Frameworks */,
				1511D27923F507DC00D58F3C /* Resources */,
			);
			buildRules = (
			);
			dependencies = (
				1511D27D23F507DC00D58F3C /* PBXTargetDependency */,
			);
			name = AppDevelopmentProject1Tests;
			productName = AppDevelopmentProject1Tests;
			productReference = 1511D27B23F507DC00D58F3C /* AppDevelopmentProject1Tests.xctest */;
			productType = "com.apple.product-type.bundle.unit-test";
		};
		1511D28523F507DC00D58F3C /* AppDevelopmentProject1UITests */ = {
			isa = PBXNativeTarget;
			buildConfigurationList = 1511D29523F507DC00D58F3C /* Build configuration list for PBXNativeTarget "AppDevelopmentProject1UITests" */;
			buildPhases = (
				1511D28223F507DC00D58F3C /* Sources */,
				1511D28323F507DC00D58F3C /* Frameworks */,
				1511D28423F507DC00D58F3C /* Resources */,
			);
			buildRules = (
			);
			dependencies = (
				1511D28823F507DC00D58F3C /* PBXTargetDependency */,
			);
			name = AppDevelopmentProject1UITests;
			productName = AppDevelopmentProject1UITests;
			productReference = 1511D28623F507DC00D58F3C /* AppDevelopmentProject1UITests.xctest */;
			productType = "com.apple.product-type.bundle.ui-testing";
		};
/* End PBXNativeTarget section */

/* Begin PBXProject section */
		1511D25D23F507DB00D58F3C /* Project object */ = {
			isa = PBXProject;
			attributes = {
				LastSwiftUpdateCheck = 1130;
				LastUpgradeCheck = 1130;
				ORGANIZATIONNAME = "Gaurav Aryal";
				TargetAttributes = {
					1511D26423F507DB00D58F3C = {
						CreatedOnToolsVersion = 11.3.1;
					};
					1511D27A23F507DC00D58F3C = {
						CreatedOnToolsVersion = 11.3.1;
						TestTargetID = 1511D26423F507DB00D58F3C;
					};
					1511D28523F507DC00D58F3C = {
						CreatedOnToolsVersion = 11.3.1;
						TestTargetID = 1511D26423F507DB00D58F3C;
					};
				};
			};
			buildConfigurationList = 1511D26023F507DB00D58F3C /* Build configuration list for PBXProject "AppDevelopmentProject1" */;
			compatibilityVersion = "Xcode 9.3";
			developmentRegion = en;
			hasScannedForEncodings = 0;
			knownRegions = (
				en,
				Base,
			);
			mainGroup = 1511D25C23F507DB00D58F3C;
			productRefGroup = 1511D26623F507DB00D58F3C /* Products */;
			projectDirPath = "";
			projectRoot = "";
			targets = (
				1511D26423F507DB00D58F3C /* AppDevelopmentProject1 */,
				1511D27A23F507DC00D58F3C /* AppDevelopmentProject1Tests */,
				1511D28523F507DC00D58F3C /* AppDevelopmentProject1UITests */,
			);
		};
/* End PBXProject section */

/* Begin PBXResourcesBuildPhase section */
		1511D26323F507DB00D58F3C /* Resources */ = {
			isa = PBXResourcesBuildPhase;
			buildActionMask = 2147483647;
			files = (
				1511D27523F507DC00D58F3C /* LaunchScreen.storyboard in Resources */,
				1511D27223F507DC00D58F3C /* Assets.xcassets in Resources */,
				1511D27023F507DB00D58F3C /* Main.storyboard in Resources */,
			);
			runOnlyForDeploymentPostprocessing = 0;
		};
		1511D27923F507DC00D58F3C /* Resources */ = {
			isa = PBXResourcesBuildPhase;
			buildActionMask = 2147483647;
			files = (
			);
			runOnlyForDeploymentPostprocessing = 0;
		};
		1511D28423F507DC00D58F3C /* Resources */ = {
			isa = PBXResourcesBuildPhase;
			buildActionMask = 2147483647;
			files = (
			);
			runOnlyForDeploymentPostprocessing = 0;
		};
/* End PBXResourcesBuildPhase section */

/* Begin PBXSourcesBuildPhase section */
		1511D26123F507DB00D58F3C /* Sources */ = {
			isa = PBXSourcesBuildPhase;
			buildActionMask = 2147483647;
			files = (
				157AA12623F9E90D008F77EF /* Meal.swift in Sources */,
				1512B3BA23FA8F0200EA1356 /* MealTableViewController.swift in Sources */,
				1512B3B823FA8ADC00EA1356 /* MealTableViewCell.swift in Sources */,
				1511D26D23F507DB00D58F3C /* MealViewController.swift in Sources */,
				1511D26923F507DB00D58F3C /* AppDelegate.swift in Sources */,
				1511D26B23F507DB00D58F3C /* SceneDelegate.swift in Sources */,
			);
			runOnlyForDeploymentPostprocessing = 0;
		};
		1511D27723F507DC00D58F3C /* Sources */ = {
			isa = PBXSourcesBuildPhase;
			buildActionMask = 2147483647;
			files = (
				1511D28023F507DC00D58F3C /* AppDevelopmentProject1Tests.swift in Sources */,
			);
			runOnlyForDeploymentPostprocessing = 0;
		};
		1511D28223F507DC00D58F3C /* Sources */ = {
			isa = PBXSourcesBuildPhase;
			buildActionMask = 2147483647;
			files = (
				1511D28B23F507DC00D58F3C /* AppDevelopmentProject1UITests.swift in Sources */,
			);
			runOnlyForDeploymentPostprocessing = 0;
		};
/* End PBXSourcesBuildPhase section */

/* Begin PBXTargetDependency section */
		1511D27D23F507DC00D58F3C /* PBXTargetDependency */ = {
			isa = PBXTargetDependency;
			target = 1511D26423F507DB00D58F3C /* AppDevelopmentProject1 */;
			targetProxy = 1511D27C23F507DC00D58F3C /* PBXContainerItemProxy */;
		};
		1511D28823F507DC00D58F3C /* PBXTargetDependency */ = {
			isa = PBXTargetDependency;
			target = 1511D26423F507DB00D58F3C /* AppDevelopmentProject1 */;
			targetProxy = 1511D28723F507DC00D58F3C /* PBXContainerItemProxy */;
		};
/* End PBXTargetDependency section */

/* Begin PBXVariantGroup section */
		1511D26E23F507DB00D58F3C /* Main.storyboard */ = {
			isa = PBXVariantGroup;
			children = (
				1511D26F23F507DB00D58F3C /* Base */,
			);
			name = Main.storyboard;
			sourceTree = "<group>";
		};
		1511D27323F507DC00D58F3C /* LaunchScreen.storyboard */ = {
			isa = PBXVariantGroup;
			children = (
				1511D27423F507DC00D58F3C /* Base */,
			);
			name = LaunchScreen.storyboard;
			sourceTree = "<group>";
		};
/* End PBXVariantGroup section */

/* Begin XCBuildConfiguration section */
		1511D28D23F507DC00D58F3C /* Debug */ = {
			isa = XCBuildConfiguration;
			buildSettings = {
				ALWAYS_SEARCH_USER_PATHS = NO;
				CLANG_ANALYZER_NONNULL = YES;
				CLANG_ANALYZER_NUMBER_OBJECT_CONVERSION = YES_AGGRESSIVE;
				CLANG_CXX_LANGUAGE_STANDARD = "gnu++14";
				CLANG_CXX_LIBRARY = "libc++";
				CLANG_ENABLE_MODULES = YES;
				CLANG_ENABLE_OBJC_ARC = YES;
				CLANG_ENABLE_OBJC_WEAK = YES;
				CLANG_WARN_BLOCK_CAPTURE_AUTORELEASING = YES;
				CLANG_WARN_BOOL_CONVERSION = YES;
				CLANG_WARN_COMMA = YES;
				CLANG_WARN_CONSTANT_CONVERSION = YES;
				CLANG_WARN_DEPRECATED_OBJC_IMPLEMENTATIONS = YES;
				CLANG_WARN_DIRECT_OBJC_ISA_USAGE = YES_ERROR;
				CLANG_WARN_DOCUMENTATION_COMMENTS = YES;
				CLANG_WARN_EMPTY_BODY = YES;
				CLANG_WARN_ENUM_CONVERSION = YES;
				CLANG_WARN_INFINITE_RECURSION = YES;
				CLANG_WARN_INT_CONVERSION = YES;
				CLANG_WARN_NON_LITERAL_NULL_CONVERSION = YES;
				CLANG_WARN_OBJC_IMPLICIT_RETAIN_SELF = YES;
				CLANG_WARN_OBJC_LITERAL_CONVERSION = YES;
				CLANG_WARN_OBJC_ROOT_CLASS = YES_ERROR;
				CLANG_WARN_RANGE_LOOP_ANALYSIS = YES;
				CLANG_WARN_STRICT_PROTOTYPES = YES;
				CLANG_WARN_SUSPICIOUS_MOVE = YES;
				CLANG_WARN_UNGUARDED_AVAILABILITY = YES_AGGRESSIVE;
				CLANG_WARN_UNREACHABLE_CODE = YES;
				CLANG_WARN__DUPLICATE_METHOD_MATCH = YES;
				COPY_PHASE_STRIP = NO;
				DEBUG_INFORMATION_FORMAT = dwarf;
				ENABLE_STRICT_OBJC_MSGSEND = YES;
				ENABLE_TESTABILITY = YES;
				GCC_C_LANGUAGE_STANDARD = gnu11;
				GCC_DYNAMIC_NO_PIC = NO;
				GCC_NO_COMMON_BLOCKS = YES;
				GCC_OPTIMIZATION_LEVEL = 0;
				GCC_PREPROCESSOR_DEFINITIONS = (
					"DEBUG=1",
					"$(inherited)",
				);
				GCC_WARN_64_TO_32_BIT_CONVERSION = YES;
				GCC_WARN_ABOUT_RETURN_TYPE = YES_ERROR;
				GCC_WARN_UNDECLARED_SELECTOR = YES;
				GCC_WARN_UNINITIALIZED_AUTOS = YES_AGGRESSIVE;
				GCC_WARN_UNUSED_FUNCTION = YES;
				GCC_WARN_UNUSED_VARIABLE = YES;
				IPHONEOS_DEPLOYMENT_TARGET = 13.2;
				MTL_ENABLE_DEBUG_INFO = INCLUDE_SOURCE;
				MTL_FAST_MATH = YES;
				ONLY_ACTIVE_ARCH = YES;
				SDKROOT = iphoneos;
				SWIFT_ACTIVE_COMPILATION_CONDITIONS = DEBUG;
				SWIFT_OPTIMIZATION_LEVEL = "-Onone";
			};
			name = Debug;
		};
		1511D28E23F507DC00D58F3C /* Release */ = {
			isa = XCBuildConfiguration;
			buildSettings = {
				ALWAYS_SEARCH_USER_PATHS = NO;
				CLANG_ANALYZER_NONNULL = YES;
				CLANG_ANALYZER_NUMBER_OBJECT_CONVERSION = YES_AGGRESSIVE;
				CLANG_CXX_LANGUAGE_STANDARD = "gnu++14";
				CLANG_CXX_LIBRARY = "libc++";
				CLANG_ENABLE_MODULES = YES;
				CLANG_ENABLE_OBJC_ARC = YES;
				CLANG_ENABLE_OBJC_WEAK = YES;
				CLANG_WARN_BLOCK_CAPTURE_AUTORELEASING = YES;
				CLANG_WARN_BOOL_CONVERSION = YES;
				CLANG_WARN_COMMA = YES;
				CLANG_WARN_CONSTANT_CONVERSION = YES;
				CLANG_WARN_DEPRECATED_OBJC_IMPLEMENTATIONS = YES;
				CLANG_WARN_DIRECT_OBJC_ISA_USAGE = YES_ERROR;
				CLANG_WARN_DOCUMENTATION_COMMENTS = YES;
				CLANG_WARN_EMPTY_BODY = YES;
				CLANG_WARN_ENUM_CONVERSION = YES;
				CLANG_WARN_INFINITE_RECURSION = YES;
				CLANG_WARN_INT_CONVERSION = YES;
				CLANG_WARN_NON_LITERAL_NULL_CONVERSION = YES;
				CLANG_WARN_OBJC_IMPLICIT_RETAIN_SELF = YES;
				CLANG_WARN_OBJC_LITERAL_CONVERSION = YES;
				CLANG_WARN_OBJC_ROOT_CLASS = YES_ERROR;
				CLANG_WARN_RANGE_LOOP_ANALYSIS = YES;
				CLANG_WARN_STRICT_PROTOTYPES = YES;
				CLANG_WARN_SUSPICIOUS_MOVE = YES;
				CLANG_WARN_UNGUARDED_AVAILABILITY = YES_AGGRESSIVE;
				CLANG_WARN_UNREACHABLE_CODE = YES;
				CLANG_WARN__DUPLICATE_METHOD_MATCH = YES;
				COPY_PHASE_STRIP = NO;
				DEBUG_INFORMATION_FORMAT = "dwarf-with-dsym";
				ENABLE_NS_ASSERTIONS = NO;
				ENABLE_STRICT_OBJC_MSGSEND = YES;
				GCC_C_LANGUAGE_STANDARD = gnu11;
				GCC_NO_COMMON_BLOCKS = YES;
				GCC_WARN_64_TO_32_BIT_CONVERSION = YES;
				GCC_WARN_ABOUT_RETURN_TYPE = YES_ERROR;
				GCC_WARN_UNDECLARED_SELECTOR = YES;
				GCC_WARN_UNINITIALIZED_AUTOS = YES_AGGRESSIVE;
				GCC_WARN_UNUSED_FUNCTION = YES;
				GCC_WARN_UNUSED_VARIABLE = YES;
				IPHONEOS_DEPLOYMENT_TARGET = 13.2;
				MTL_ENABLE_DEBUG_INFO = NO;
				MTL_FAST_MATH = YES;
				SDKROOT = iphoneos;
				SWIFT_COMPILATION_MODE = wholemodule;
				SWIFT_OPTIMIZATION_LEVEL = "-O";
				VALIDATE_PRODUCT = YES;
			};
			name = Release;
		};
		1511D29023F507DC00D58F3C /* Debug */ = {
			isa = XCBuildConfiguration;
			buildSettings = {
				ASSETCATALOG_COMPILER_APPICON_NAME = AppIcon;
				CODE_SIGN_STYLE = Automatic;
				INFOPLIST_FILE = AppDevelopmentProject1/Info.plist;
				LD_RUNPATH_SEARCH_PATHS = (
					"$(inherited)",
					"@executable_path/Frameworks",
				);
				PRODUCT_BUNDLE_IDENTIFIER = project1COS470.AppDevelopmentProject1;
				PRODUCT_NAME = "$(TARGET_NAME)";
				SWIFT_VERSION = 5.0;
				TARGETED_DEVICE_FAMILY = "1,2";
			};
			name = Debug;
		};
		1511D29123F507DC00D58F3C /* Release */ = {
			isa = XCBuildConfiguration;
			buildSettings = {
				ASSETCATALOG_COMPILER_APPICON_NAME = AppIcon;
				CODE_SIGN_STYLE = Automatic;
				INFOPLIST_FILE = AppDevelopmentProject1/Info.plist;
				LD_RUNPATH_SEARCH_PATHS = (
					"$(inherited)",
					"@executable_path/Frameworks",
				);
				PRODUCT_BUNDLE_IDENTIFIER = project1COS470.AppDevelopmentProject1;
				PRODUCT_NAME = "$(TARGET_NAME)";
				SWIFT_VERSION = 5.0;
				TARGETED_DEVICE_FAMILY = "1,2";
			};
			name = Release;
		};
		1511D29323F507DC00D58F3C /* Debug */ = {
			isa = XCBuildConfiguration;
			buildSettings = {
				ALWAYS_EMBED_SWIFT_STANDARD_LIBRARIES = YES;
				BUNDLE_LOADER = "$(TEST_HOST)";
				CODE_SIGN_STYLE = Automatic;
				INFOPLIST_FILE = AppDevelopmentProject1Tests/Info.plist;
				IPHONEOS_DEPLOYMENT_TARGET = 13.2;
				LD_RUNPATH_SEARCH_PATHS = (
					"$(inherited)",
					"@executable_path/Frameworks",
					"@loader_path/Frameworks",
				);
				PRODUCT_BUNDLE_IDENTIFIER = project1COS470.AppDevelopmentProject1Tests;
				PRODUCT_NAME = "$(TARGET_NAME)";
				SWIFT_VERSION = 5.0;
				TARGETED_DEVICE_FAMILY = "1,2";
				TEST_HOST = "$(BUILT_PRODUCTS_DIR)/AppDevelopmentProject1.app/AppDevelopmentProject1";
			};
			name = Debug;
		};
		1511D29423F507DC00D58F3C /* Release */ = {
			isa = XCBuildConfiguration;
			buildSettings = {
				ALWAYS_EMBED_SWIFT_STANDARD_LIBRARIES = YES;
				BUNDLE_LOADER = "$(TEST_HOST)";
				CODE_SIGN_STYLE = Automatic;
				INFOPLIST_FILE = AppDevelopmentProject1Tests/Info.plist;
				IPHONEOS_DEPLOYMENT_TARGET = 13.2;
				LD_RUNPATH_SEARCH_PATHS = (
					"$(inherited)",
					"@executable_path/Frameworks",
					"@loader_path/Frameworks",
				);
				PRODUCT_BUNDLE_IDENTIFIER = project1COS470.AppDevelopmentProject1Tests;
				PRODUCT_NAME = "$(TARGET_NAME)";
				SWIFT_VERSION = 5.0;
				TARGETED_DEVICE_FAMILY = "1,2";
				TEST_HOST = "$(BUILT_PRODUCTS_DIR)/AppDevelopmentProject1.app/AppDevelopmentProject1";
			};
			name = Release;
		};
		1511D29623F507DC00D58F3C /* Debug */ = {
			isa = XCBuildConfiguration;
			buildSettings = {
				ALWAYS_EMBED_SWIFT_STANDARD_LIBRARIES = YES;
				CODE_SIGN_STYLE = Automatic;
				INFOPLIST_FILE = AppDevelopmentProject1UITests/Info.plist;
				LD_RUNPATH_SEARCH_PATHS = (
					"$(inherited)",
					"@executable_path/Frameworks",
					"@loader_path/Frameworks",
				);
				PRODUCT_BUNDLE_IDENTIFIER = project1COS470.AppDevelopmentProject1UITests;
				PRODUCT_NAME = "$(TARGET_NAME)";
				SWIFT_VERSION = 5.0;
				TARGETED_DEVICE_FAMILY = "1,2";
				TEST_TARGET_NAME = AppDevelopmentProject1;
			};
			name = Debug;
		};
		1511D29723F507DC00D58F3C /* Release */ = {
			isa = XCBuildConfiguration;
			buildSettings = {
				ALWAYS_EMBED_SWIFT_STANDARD_LIBRARIES = YES;
				CODE_SIGN_STYLE = Automatic;
				INFOPLIST_FILE = AppDevelopmentProject1UITests/Info.plist;
				LD_RUNPATH_SEARCH_PATHS = (
					"$(inherited)",
					"@executable_path/Frameworks",
					"@loader_path/Frameworks",
				);
				PRODUCT_BUNDLE_IDENTIFIER = project1COS470.AppDevelopmentProject1UITests;
				PRODUCT_NAME = "$(TARGET_NAME)";
				SWIFT_VERSION = 5.0;
				TARGETED_DEVICE_FAMILY = "1,2";
				TEST_TARGET_NAME = AppDevelopmentProject1;
			};
			name = Release;
		};
/* End XCBuildConfiguration section */

/* Begin XCConfigurationList section */
		1511D26023F507DB00D58F3C /* Build configuration list for PBXProject "AppDevelopmentProject1" */ = {
			isa = XCConfigurationList;
			buildConfigurations = (
				1511D28D23F507DC00D58F3C /* Debug */,
				1511D28E23F507DC00D58F3C /* Release */,
			);
			defaultConfigurationIsVisible = 0;
			defaultConfigurationName = Release;
		};
		1511D28F23F507DC00D58F3C /* Build configuration list for PBXNativeTarget "AppDevelopmentProject1" */ = {
			isa = XCConfigurationList;
			buildConfigurations = (
				1511D29023F507DC00D58F3C /* Debug */,
				1511D29123F507DC00D58F3C /* Release */,
			);
			defaultConfigurationIsVisible = 0;
			defaultConfigurationName = Release;
		};
		1511D29223F507DC00D58F3C /* Build configuration list for PBXNativeTarget "AppDevelopmentProject1Tests" */ = {
			isa = XCConfigurationList;
			buildConfigurations = (
				1511D29323F507DC00D58F3C /* Debug */,
				1511D29423F507DC00D58F3C /* Release */,
			);
			defaultConfigurationIsVisible = 0;
			defaultConfigurationName = Release;
		};
		1511D29523F507DC00D58F3C /* Build configuration list for PBXNativeTarget "AppDevelopmentProject1UITests" */ = {
			isa = XCConfigurationList;
			buildConfigurations = (
				1511D29623F507DC00D58F3C /* Debug */,
				1511D29723F507DC00D58F3C /* Release */,
			);
			defaultConfigurationIsVisible = 0;
			defaultConfigurationName = Release;
		};
/* End XCConfigurationList section */
	};
	rootObject = 1511D25D23F507DB00D58F3C /* Project object */;
}
